{
  "version": 4,
  "terraform_version": "0.12.28",
  "serial": 75,
  "lineage": "1ceb5aa4-9148-7dd9-a683-0343295325d6",
  "outputs": {
    "password": {
      "value": "wcFMA7y0n0x4+91UARAAkIDRJbCeBeOyLLnrmlXmku0TZIU71OKFalaW9oBEYcnoYr3zSNHT8+D4eBYH9ERZMC95vR9jX24blSOArEPIyXw3JDqqNJGLcTqeOcV+Dr/zZ5sKSH8rP98AalBFUa59rZcVFv3ZP9fbeONl2cnvn/lQqdJegvhLduYu30eqgHa6egDlZCeUSmcZ3UqIEb9WhLzQ5LaWdQ/pl4CK+EL2W0ROw5XyLPDNbn5rO6n34sFSBxW6bimr0tngxOTUfC9u2CH+LR5isKMwWMz0juS34zAeNuodA8F6DIYDKLTBtH/o/akYI2Rgv6nWiyhBYKS8Yh2KZ60mata9ujA+/eBem2epvWqapPkpPBz3a+7mGVJhVcbyWMx7OWlZDtPPPMQNKVCTVGGBtDc25AKO7/msFB3bc1hFUZVXQJl8+uoB4OxYjQZd+7+lH4TcefqBH/sz3vtrHGX68GQuQT8HiPJyq7wrpNQLEMWpL1t2TLhjuT+V/lllbYQLMaQ6OyO8O3axxCi1SNJRGdcPymy/0b6earx6VeT2kTEXYmsuyD1rV4amE3sz1FUK/u50gbqm0zDRaPXuJgAef6PyEH8b1sph51/gMj8wGeqTiBnMwjD5u+7yjI0xYCJgXVzaJsDYF4xE3ez8bb2v42BJ+frEPeiWtZWFVTFmaDACv7dwtanV6jzS4AHkwBkagF7wGj7SVaEo5flUbeHrxeAv4I3hf1DgheJ0LRUY4Nvk0W9/Ccc3toOhgwHgoXdTuODd4vHv9mXgReQYXpd3jGaa9o0N6QLESHxt4mvnS9DhPhEA",
      "type": "string"
    }
  },
  "resources": [
    {
      "mode": "managed",
      "type": "aws_iam_group",
      "name": "group",
      "provider": "provider.aws",
      "instances": [
        {
          "schema_version": 0,
          "attributes": {
            "arn": "arn:aws:iam::577701061234:group/stack-group",
            "id": "stack-group",
            "name": "stack-group",
            "path": "/",
            "unique_id": "AGPAYNANKUJZOD4ZL7G4U"
          },
          "private": "bnVsbA=="
        }
      ]
    },
    {
      "mode": "managed",
      "type": "aws_iam_group_membership",
      "name": "team",
      "provider": "provider.aws",
      "instances": [
        {
          "schema_version": 0,
          "attributes": {
            "group": "stack-group",
            "id": "stack-group-membership",
            "name": "stack-group-membership",
            "users": [
              "stackuser1"
            ]
          },
          "private": "bnVsbA==",
          "dependencies": [
            "aws_iam_group.group",
            "aws_iam_user.user"
          ]
        }
      ]
    },
    {
      "mode": "managed",
      "type": "aws_iam_policy",
      "name": "policy",
      "provider": "provider.aws",
      "instances": [
        {
          "schema_version": 0,
          "attributes": {
            "arn": "arn:aws:iam::577701061234:policy/stack-admin",
            "description": "A policy that gives admin access",
            "id": "arn:aws:iam::577701061234:policy/stack-admin",
            "name": "stack-admin",
            "name_prefix": null,
            "path": "/",
            "policy": "{\r\n  \"Version\": \"2012-10-17\",\r\n  \"Statement\": [\r\n    {\r\n      \"Action\": \"*\",\r\n      \"Effect\": \"Allow\",\r\n      \"Resource\": \"*\"\r\n    }\r\n  ]\r\n}\r\n"
          },
          "private": "bnVsbA=="
        }
      ]
    },
    {
      "mode": "managed",
      "type": "aws_iam_policy_attachment",
      "name": "stack-attach",
      "provider": "provider.aws",
      "instances": [
        {
          "schema_version": 0,
          "attributes": {
            "groups": [
              "stack-group"
            ],
            "id": "stack-attachment",
            "name": "stack-attachment",
            "policy_arn": "arn:aws:iam::577701061234:policy/stack-admin",
            "roles": null,
            "users": null
          },
          "private": "bnVsbA==",
          "dependencies": [
            "aws_iam_group.group",
            "aws_iam_policy.policy"
          ]
        }
      ]
    },
    {
      "mode": "managed",
      "type": "aws_iam_user",
      "name": "user",
      "provider": "provider.aws",
      "instances": [
        {
          "schema_version": 0,
          "attributes": {
            "arn": "arn:aws:iam::577701061234:user/stackuser1",
            "force_destroy": true,
            "id": "stackuser1",
            "name": "stackuser1",
            "path": "/",
            "permissions_boundary": null,
            "tags": null,
            "unique_id": "AIDAYNANKUJZEXSRM3S56"
          },
          "private": "bnVsbA=="
        }
      ]
    },
    {
      "mode": "managed",
      "type": "aws_iam_user_login_profile",
      "name": "log-prof",
      "provider": "provider.aws",
      "instances": [
        {
          "schema_version": 0,
          "attributes": {
            "encrypted_password": "wcFMA7y0n0x4+91UARAAkIDRJbCeBeOyLLnrmlXmku0TZIU71OKFalaW9oBEYcnoYr3zSNHT8+D4eBYH9ERZMC95vR9jX24blSOArEPIyXw3JDqqNJGLcTqeOcV+Dr/zZ5sKSH8rP98AalBFUa59rZcVFv3ZP9fbeONl2cnvn/lQqdJegvhLduYu30eqgHa6egDlZCeUSmcZ3UqIEb9WhLzQ5LaWdQ/pl4CK+EL2W0ROw5XyLPDNbn5rO6n34sFSBxW6bimr0tngxOTUfC9u2CH+LR5isKMwWMz0juS34zAeNuodA8F6DIYDKLTBtH/o/akYI2Rgv6nWiyhBYKS8Yh2KZ60mata9ujA+/eBem2epvWqapPkpPBz3a+7mGVJhVcbyWMx7OWlZDtPPPMQNKVCTVGGBtDc25AKO7/msFB3bc1hFUZVXQJl8+uoB4OxYjQZd+7+lH4TcefqBH/sz3vtrHGX68GQuQT8HiPJyq7wrpNQLEMWpL1t2TLhjuT+V/lllbYQLMaQ6OyO8O3axxCi1SNJRGdcPymy/0b6earx6VeT2kTEXYmsuyD1rV4amE3sz1FUK/u50gbqm0zDRaPXuJgAef6PyEH8b1sph51/gMj8wGeqTiBnMwjD5u+7yjI0xYCJgXVzaJsDYF4xE3ez8bb2v42BJ+frEPeiWtZWFVTFmaDACv7dwtanV6jzS4AHkwBkagF7wGj7SVaEo5flUbeHrxeAv4I3hf1DgheJ0LRUY4Nvk0W9/Ccc3toOhgwHgoXdTuODd4vHv9mXgReQYXpd3jGaa9o0N6QLESHxt4mvnS9DhPhEA",
            "id": "stackuser1",
            "key_fingerprint": "25fcf5a99d97bddda722e97f3df824323ba3b290",
            "password_length": 20,
            "password_reset_required": true,
            "pgp_key": "keybase:stackterraform",
            "user": "stackuser1"
          },
          "private": "bnVsbA==",
          "dependencies": [
            "aws_iam_user.user"
          ]
        }
      ]
    }
  ]
}
