{
  "version": 4,
  "terraform_version": "0.12.28",
  "serial": 429,
  "lineage": "254f7a7d-e1b1-0e1d-0f74-67126c142125",
  "outputs": {
    "ip": {
      "value": "100.25.200.234",
      "type": "string"
    },
    "this_db_instance_address": {
      "value": "wordpressdbclixx.cc5iigzknvxd.us-east-1.rds.amazonaws.com",
      "type": "string"
    }
  },
  "resources": [
    {
      "mode": "data",
      "type": "template_file",
      "name": "bootstrap",
      "provider": "provider.template",
      "instances": [
        {
          "schema_version": 0,
          "attributes": {
            "filename": null,
            "id": "59c46a620c8dfd2195d2b51e04223b8860404205a6c9e8ecb4f254528ed58119",
            "rendered": "#!/bin/bash\n\n##Install the needed packages and enable the services(MariaDb, Apache)\nsudo yum update -y\nsudo yum install git -y\nsudo amazon-linux-extras install -y lamp-mariadb10.2-php7.2 php7.2\nsudo yum install -y httpd mariadb-server\nsudo systemctl start httpd\nsudo systemctl enable httpd\nsudo systemctl is-enabled httpd\n\n##Add ec2-user to Apache group and grant permissions to /var/www\nsudo usermod -a -G apache ec2-user\nsudo chown -R ec2-user:apache /var/www\nsudo chmod 2775 /var/www \u0026\u0026 find /var/www -type d -exec sudo chmod 2775 {} \\;\nfind /var/www -type f -exec sudo chmod 0664 {} \\;\ncd /var/www/html\n\n#Install wordpress and unzip it/copy the sample php conf to wp-config\n\n\ngit clone https://github.com/stackitgit/CliXX_Retail_Repository.git\ncp -r CliXX_Retail_Repository/* /var/www/html\n\n\n\n##replace and set db_name,user_name, password, and host\nsudo cp  /var/www/html/wp-config-sample.php /var/www/html/wp-config.php\nsudo sed -i s/database_name_here/wordpressdb/ /var/www/html/wp-config.php\nsudo sed -i s/username_here/wordpressuser/ /var/www/html/wp-config.php\nsudo sed -i s/password_here/W3lcome123/ /var/www/html/wp-config.php \nsudo sed -i s/localhost/wordpressdbclixx.cc5iigzknvxd.us-east-1.rds.amazonaws.com/ /var/www/html/wp-config.php \n\n\n## Allow wordpress to use Permalinks\nsudo sed -i '151s/None/All/' /etc/httpd/conf/httpd.conf\n\n##Grant file ownership of /var/www \u0026 its contents to apache user\nsudo chown -R apache /var/www\n\n##Grant group ownership of /var/www \u0026 contents to apache group\nsudo chgrp -R apache /var/www\n\n##Change directory permissions of /var/www \u0026 its subdir to add group write \nsudo chmod 2775 /var/www\nfind /var/www -type d -exec sudo chmod 2775 {} \\;\n\n##Recursively change file permission of /var/www \u0026 subdir to add group write perm\nsudo find /var/www -type f -exec sudo chmod 0664 {} \\;\n\n##Restart Apache\nsudo systemctl restart httpd\nsudo service httpd restart\n\n##Enable httpd \nsudo systemctl enable httpd \nsudo /sbin/sysctl -w net.ipv4.tcp_keepalive_time=200 net.ipv4.tcp_keepalive_intvl=200 net.ipv4.tcp_keepalive_probes=5\n\nsudo /bin/cat \u003c\u003cEOP\u003e/tmp/config.sh\nMYSQL_USER=\"wordpressuser\"\nMYSQL_PASS=\"W3lcome123\"\nEOP\n\nsudo /bin/cat \u003c\u003cEOP\u003e/tmp/postinstall.sh\n#!/bin/bash\n\nsource /tmp/config.sh\n\nmysql -h wordpressdbclixx.cc5iigzknvxd.us-east-1.rds.amazonaws.com -D wordpressdb -u\\$MYSQL_USER -p\\$MYSQL_PASS\u003c\u003cEOF\nshow databases;\nuse wordpressdb;\nUPDATE wp_options SET option_value = \"http://`curl http://169.254.169.254/latest/meta-data/public-ipv4`\" WHERE option_value LIKE 'http%';\ncommit;\nEOF\nEOP\n## new change\nsudo chmod 755 /tmp/postinstall.sh\nsudo /tmp/postinstall.sh",
            "template": "#!/bin/bash\n\n##Install the needed packages and enable the services(MariaDb, Apache)\nsudo yum update -y\nsudo yum install git -y\nsudo amazon-linux-extras install -y lamp-mariadb10.2-php7.2 php7.2\nsudo yum install -y httpd mariadb-server\nsudo systemctl start httpd\nsudo systemctl enable httpd\nsudo systemctl is-enabled httpd\n\n##Add ec2-user to Apache group and grant permissions to /var/www\nsudo usermod -a -G apache ec2-user\nsudo chown -R ec2-user:apache /var/www\nsudo chmod 2775 /var/www \u0026\u0026 find /var/www -type d -exec sudo chmod 2775 {} \\;\nfind /var/www -type f -exec sudo chmod 0664 {} \\;\ncd /var/www/html\n\n#Install wordpress and unzip it/copy the sample php conf to wp-config\n\n\ngit clone https://github.com/stackitgit/CliXX_Retail_Repository.git\ncp -r CliXX_Retail_Repository/* /var/www/html\n\n\n\n##replace and set db_name,user_name, password, and host\nsudo cp  /var/www/html/wp-config-sample.php /var/www/html/wp-config.php\nsudo sed -i s/database_name_here/${DB_NAME}/ /var/www/html/wp-config.php\nsudo sed -i s/username_here/${DB_USER}/ /var/www/html/wp-config.php\nsudo sed -i s/password_here/${DB_PASSWORD}/ /var/www/html/wp-config.php \nsudo sed -i s/localhost/${DB_HOST}/ /var/www/html/wp-config.php \n\n\n## Allow wordpress to use Permalinks\nsudo sed -i '151s/None/All/' /etc/httpd/conf/httpd.conf\n\n##Grant file ownership of /var/www \u0026 its contents to apache user\nsudo chown -R apache /var/www\n\n##Grant group ownership of /var/www \u0026 contents to apache group\nsudo chgrp -R apache /var/www\n\n##Change directory permissions of /var/www \u0026 its subdir to add group write \nsudo chmod 2775 /var/www\nfind /var/www -type d -exec sudo chmod 2775 {} \\;\n\n##Recursively change file permission of /var/www \u0026 subdir to add group write perm\nsudo find /var/www -type f -exec sudo chmod 0664 {} \\;\n\n##Restart Apache\nsudo systemctl restart httpd\nsudo service httpd restart\n\n##Enable httpd \nsudo systemctl enable httpd \nsudo /sbin/sysctl -w net.ipv4.tcp_keepalive_time=200 net.ipv4.tcp_keepalive_intvl=200 net.ipv4.tcp_keepalive_probes=5\n\nsudo /bin/cat \u003c\u003cEOP\u003e/tmp/config.sh\nMYSQL_USER=\"${DB_USER}\"\nMYSQL_PASS=\"${DB_PASSWORD}\"\nEOP\n\nsudo /bin/cat \u003c\u003cEOP\u003e/tmp/postinstall.sh\n#!/bin/bash\n\nsource /tmp/config.sh\n\nmysql -h ${DB_HOST} -D ${DB_NAME} -u\\$MYSQL_USER -p\\$MYSQL_PASS\u003c\u003cEOF\nshow databases;\nuse wordpressdb;\nUPDATE wp_options SET option_value = \"http://`curl http://169.254.169.254/latest/meta-data/public-ipv4`\" WHERE option_value LIKE 'http%';\ncommit;\nEOF\nEOP\n## new change\nsudo chmod 755 /tmp/postinstall.sh\nsudo /tmp/postinstall.sh",
            "vars": {
              "DATABASE": "mariadb-server",
              "DB_HOST": "wordpressdbclixx.cc5iigzknvxd.us-east-1.rds.amazonaws.com",
              "DB_NAME": "wordpressdb",
              "DB_PASSWORD": "W3lcome123",
              "DB_USER": "wordpressuser"
            }
          }
        }
      ]
    },
    {
      "mode": "managed",
      "type": "aws_db_instance",
      "name": "wordpressdbclixxrestore",
      "provider": "provider.aws",
      "instances": [
        {
          "schema_version": 1,
          "attributes": {
            "address": "wordpressdbclixx.cc5iigzknvxd.us-east-1.rds.amazonaws.com",
            "allocated_storage": 20,
            "allow_major_version_upgrade": null,
            "apply_immediately": null,
            "arn": "arn:aws:rds:us-east-1:577701061234:db:wordpressdbclixx",
            "auto_minor_version_upgrade": true,
            "availability_zone": "us-east-1a",
            "backup_retention_period": 0,
            "backup_window": "08:17-08:47",
            "ca_cert_identifier": "rds-ca-2019",
            "character_set_name": null,
            "copy_tags_to_snapshot": false,
            "db_subnet_group_name": "default",
            "delete_automated_backups": true,
            "deletion_protection": false,
            "domain": "",
            "domain_iam_role_name": "",
            "enabled_cloudwatch_logs_exports": null,
            "endpoint": "wordpressdbclixx.cc5iigzknvxd.us-east-1.rds.amazonaws.com:3306",
            "engine": "mysql",
            "engine_version": "8.0.20",
            "final_snapshot_identifier": null,
            "hosted_zone_id": "Z2R2ITUGPM61AM",
            "iam_database_authentication_enabled": false,
            "id": "wordpressdbclixx",
            "identifier": "wordpressdbclixx",
            "identifier_prefix": null,
            "instance_class": "db.t2.micro",
            "iops": 0,
            "kms_key_id": "",
            "latest_restorable_time": "0001-01-01T00:00:00Z",
            "license_model": "general-public-license",
            "maintenance_window": "sun:06:00-sun:06:30",
            "max_allocated_storage": 0,
            "monitoring_interval": 0,
            "monitoring_role_arn": "",
            "multi_az": false,
            "name": "wordpressdb",
            "option_group_name": "default:mysql-8-0",
            "parameter_group_name": "default.mysql8.0",
            "password": "W3lcome123",
            "performance_insights_enabled": false,
            "performance_insights_kms_key_id": "",
            "performance_insights_retention_period": 0,
            "port": 3306,
            "publicly_accessible": false,
            "replicas": [],
            "replicate_source_db": "",
            "resource_id": "db-5JLXCEKJLPHDTF2RRG574AXMMU",
            "restore_to_point_in_time": [],
            "s3_import": [],
            "security_group_names": null,
            "skip_final_snapshot": true,
            "snapshot_identifier": "wordpressdbclixxsnap",
            "status": "available",
            "storage_encrypted": false,
            "storage_type": "gp2",
            "tags": {
              "Environment": "Dev",
              "Name": "CliXX-Rest"
            },
            "timeouts": null,
            "timezone": "",
            "username": "wordpressuser",
            "vpc_security_group_ids": [
              "sg-0ff014e237a7eed6f"
            ]
          },
          "private": "eyJlMmJmYjczMC1lY2FhLTExZTYtOGY4OC0zNDM2M2JjN2M0YzAiOnsiY3JlYXRlIjoyNDAwMDAwMDAwMDAwLCJkZWxldGUiOjM2MDAwMDAwMDAwMDAsInVwZGF0ZSI6NDgwMDAwMDAwMDAwMH0sInNjaGVtYV92ZXJzaW9uIjoiMSJ9",
          "dependencies": [
            "aws_security_group.WebDMZ"
          ]
        }
      ]
    },
    {
      "mode": "managed",
      "type": "aws_iam_instance_profile",
      "name": "stack_profile",
      "provider": "provider.aws",
      "instances": [
        {
          "schema_version": 0,
          "attributes": {
            "arn": "arn:aws:iam::577701061234:instance-profile/stack_profile",
            "create_date": "2021-04-10T21:29:41Z",
            "id": "stack_profile",
            "name": "stack_profile",
            "name_prefix": null,
            "path": "/",
            "role": "ec2-s3-wordpress-bucket",
            "tags": null,
            "unique_id": "AIPAYNANKUJZF3QDO3D7M"
          },
          "private": "bnVsbA==",
          "dependencies": [
            "aws_iam_role.stack-role"
          ]
        }
      ]
    },
    {
      "mode": "managed",
      "type": "aws_iam_policy",
      "name": "stack-policy",
      "provider": "provider.aws",
      "instances": [
        {
          "schema_version": 0,
          "attributes": {
            "arn": "arn:aws:iam::577701061234:policy/ec2-s3-policy",
            "description": "This policy allows stack-role",
            "id": "arn:aws:iam::577701061234:policy/ec2-s3-policy",
            "name": "ec2-s3-policy",
            "name_prefix": null,
            "path": "/",
            "policy": "{\r\n  \"Version\": \"2012-10-17\",\r\n  \"Statement\": [\r\n    {\r\n      \"Effect\": \"Allow\",\r\n      \"Action\": [\"s3:ListBucket\"],\r\n      \"Resource\": [\"arn:aws:s3:::stack-wordpress\"]\r\n    },\r\n    {\r\n      \"Effect\": \"Allow\",\r\n      \"Action\": [\"s3:GetObject\"],\r\n      \"Resource\": [\"arn:aws:s3:::stack-wordpress/*\"]\r\n    }\r\n  ]\r\n}\r\n\r\n",
            "policy_id": "ANPAYNANKUJZFRK4SP6PG",
            "tags": null
          },
          "private": "bnVsbA=="
        }
      ]
    },
    {
      "mode": "managed",
      "type": "aws_iam_policy_attachment",
      "name": "stack-attach",
      "provider": "provider.aws",
      "instances": [
        {
          "schema_version": 0,
          "attributes": {
            "groups": null,
            "id": "stack-attachment",
            "name": "stack-attachment",
            "policy_arn": "arn:aws:iam::577701061234:policy/ec2-s3-policy",
            "roles": [
              "ec2-s3-wordpress-bucket"
            ],
            "users": null
          },
          "private": "bnVsbA==",
          "dependencies": [
            "aws_iam_policy.stack-policy",
            "aws_iam_role.stack-role"
          ]
        }
      ]
    },
    {
      "mode": "managed",
      "type": "aws_iam_role",
      "name": "stack-role",
      "provider": "provider.aws",
      "instances": [
        {
          "schema_version": 0,
          "attributes": {
            "arn": "arn:aws:iam::577701061234:role/ec2-s3-wordpress-bucket",
            "assume_role_policy": "{\"Version\":\"2012-10-17\",\"Statement\":[{\"Sid\":\"\",\"Effect\":\"Allow\",\"Principal\":{\"Service\":\"ec2.amazonaws.com\"},\"Action\":\"sts:AssumeRole\"}]}",
            "create_date": "2021-04-10T21:29:40Z",
            "description": "",
            "force_detach_policies": false,
            "id": "ec2-s3-wordpress-bucket",
            "inline_policy": [
              {
                "name": "",
                "policy": ""
              }
            ],
            "managed_policy_arns": [],
            "max_session_duration": 3600,
            "name": "ec2-s3-wordpress-bucket",
            "name_prefix": null,
            "path": "/",
            "permissions_boundary": null,
            "tags": null,
            "unique_id": "AROAYNANKUJZMVGS34QOY"
          },
          "private": "bnVsbA=="
        }
      ]
    },
    {
      "mode": "managed",
      "type": "aws_instance",
      "name": "App_Server",
      "provider": "provider.aws",
      "instances": [
        {
          "schema_version": 1,
          "attributes": {
            "ami": "ami-08f3d892de259504d",
            "arn": "arn:aws:ec2:us-east-1:577701061234:instance/i-025dc9511f4618987",
            "associate_public_ip_address": true,
            "availability_zone": "us-east-1e",
            "cpu_core_count": 1,
            "cpu_threads_per_core": 1,
            "credit_specification": [
              {
                "cpu_credits": "standard"
              }
            ],
            "disable_api_termination": false,
            "ebs_block_device": [],
            "ebs_optimized": false,
            "enclave_options": [
              {
                "enabled": false
              }
            ],
            "ephemeral_block_device": [],
            "get_password_data": false,
            "hibernation": false,
            "host_id": null,
            "iam_instance_profile": "stack_profile",
            "id": "i-025dc9511f4618987",
            "instance_initiated_shutdown_behavior": null,
            "instance_state": "running",
            "instance_type": "t2.micro",
            "ipv6_address_count": 0,
            "ipv6_addresses": [],
            "key_name": "mykeypair",
            "metadata_options": [
              {
                "http_endpoint": "enabled",
                "http_put_response_hop_limit": 1,
                "http_tokens": "optional"
              }
            ],
            "monitoring": false,
            "network_interface": [],
            "outpost_arn": "",
            "password_data": "",
            "placement_group": "",
            "primary_network_interface_id": "eni-0266022fc7e080b0c",
            "private_dns": "ip-172-31-46-87.ec2.internal",
            "private_ip": "172.31.46.87",
            "public_dns": "ec2-100-25-200-234.compute-1.amazonaws.com",
            "public_ip": "100.25.200.234",
            "root_block_device": [
              {
                "delete_on_termination": true,
                "device_name": "/dev/xvda",
                "encrypted": false,
                "iops": 100,
                "kms_key_id": "",
                "tags": {},
                "throughput": 0,
                "volume_id": "vol-0ed1cdd09a0dd12fa",
                "volume_size": 8,
                "volume_type": "gp2"
              }
            ],
            "secondary_private_ips": [],
            "security_groups": [
              "ssh"
            ],
            "source_dest_check": true,
            "subnet_id": "subnet-ab600a96",
            "tags": {
              "Environment": "production",
              "Name": "App_Server"
            },
            "tenancy": "default",
            "timeouts": null,
            "user_data": "864bbeaf373437b9e2d28d7efebafa1658758014",
            "user_data_base64": null,
            "volume_tags": null,
            "vpc_security_group_ids": [
              "sg-0ff014e237a7eed6f"
            ]
          },
          "private": "eyJlMmJmYjczMC1lY2FhLTExZTYtOGY4OC0zNDM2M2JjN2M0YzAiOnsiY3JlYXRlIjo2MDAwMDAwMDAwMDAsImRlbGV0ZSI6MTIwMDAwMDAwMDAwMCwidXBkYXRlIjo2MDAwMDAwMDAwMDB9LCJzY2hlbWFfdmVyc2lvbiI6IjEifQ==",
          "dependencies": [
            "aws_db_instance.wordpressdbclixxrestore",
            "aws_iam_instance_profile.stack_profile",
            "aws_iam_role.stack-role",
            "aws_key_pair.mykeypair",
            "aws_security_group.WebDMZ"
          ]
        }
      ]
    },
    {
      "mode": "managed",
      "type": "aws_key_pair",
      "name": "mykeypair",
      "provider": "provider.aws",
      "instances": [
        {
          "schema_version": 1,
          "attributes": {
            "arn": "arn:aws:ec2:us-east-1:577701061234:key-pair/mykeypair",
            "fingerprint": "87:25:3a:20:d5:fb:ee:d6:95:e1:3b:f5:e4:9e:ca:a5",
            "id": "mykeypair",
            "key_name": "mykeypair",
            "key_name_prefix": null,
            "key_pair_id": "key-025e423ba28674c97",
            "public_key": "ssh-rsa AAAAB3NzaC1yc2EAAAABIwAAAQEAulpVHMj0u82BCbfx/6LcuIb0MWDwRsktb3XVg35C4zoq/RLD6jKaj/rFoFtbfobQ5Zta0vRh+AifbHWH9qv2XUjp2JUNrjAAXH6RbOUyWNx/vpV8R5mk8BzQTUjOfj1C9/wda7snE3h9fv5xRqK62swHLCaED2NRXzHPZl3NiVoe7oTCfH0pEd58V9T0J+oqy5qC5VCd8+A/EeM4td9wa/R9DEuK2v2XnVYAUMzRoW4HB31vSOS07vpLywvRUMsVehTSoMZJCVc9cGbmfNO6bHxLJP2WtOSGRJHZPm1OsJOFKBnLsOgwR2qqv6u5mnln9Z4jkVRi6fi/iqOe8DM6jw== oracle@MKIT-DEV-OEM",
            "tags": null
          },
          "private": "eyJzY2hlbWFfdmVyc2lvbiI6IjEifQ=="
        }
      ]
    },
    {
      "mode": "managed",
      "type": "aws_security_group",
      "name": "WebDMZ",
      "provider": "provider.aws",
      "instances": [
        {
          "schema_version": 1,
          "attributes": {
            "arn": "arn:aws:ec2:us-east-1:577701061234:security-group/sg-0ff014e237a7eed6f",
            "description": "ssh",
            "egress": [],
            "id": "sg-0ff014e237a7eed6f",
            "ingress": [],
            "name": "ssh",
            "name_prefix": "",
            "owner_id": "577701061234",
            "revoke_rules_on_delete": false,
            "tags": null,
            "timeouts": null,
            "vpc_id": "vpc-ad7857c9"
          },
          "private": "eyJlMmJmYjczMC1lY2FhLTExZTYtOGY4OC0zNDM2M2JjN2M0YzAiOnsiY3JlYXRlIjo2MDAwMDAwMDAwMDAsImRlbGV0ZSI6OTAwMDAwMDAwMDAwfSwic2NoZW1hX3ZlcnNpb24iOiIxIn0="
        }
      ]
    },
    {
      "mode": "managed",
      "type": "aws_security_group_rule",
      "name": "NFS",
      "provider": "provider.aws",
      "instances": [
        {
          "schema_version": 2,
          "attributes": {
            "cidr_blocks": [
              "0.0.0.0/0"
            ],
            "description": null,
            "from_port": 2049,
            "id": "sgrule-2285701372",
            "ipv6_cidr_blocks": null,
            "prefix_list_ids": null,
            "protocol": "tcp",
            "security_group_id": "sg-0ff014e237a7eed6f",
            "self": false,
            "source_security_group_id": null,
            "to_port": 2049,
            "type": "ingress"
          },
          "private": "eyJzY2hlbWFfdmVyc2lvbiI6IjIifQ==",
          "dependencies": [
            "aws_security_group.WebDMZ"
          ]
        }
      ]
    },
    {
      "mode": "managed",
      "type": "aws_security_group_rule",
      "name": "RDS",
      "provider": "provider.aws",
      "instances": [
        {
          "schema_version": 2,
          "attributes": {
            "cidr_blocks": [
              "0.0.0.0/0"
            ],
            "description": null,
            "from_port": 3306,
            "id": "sgrule-1132839825",
            "ipv6_cidr_blocks": null,
            "prefix_list_ids": null,
            "protocol": "tcp",
            "security_group_id": "sg-0ff014e237a7eed6f",
            "self": false,
            "source_security_group_id": null,
            "to_port": 3306,
            "type": "ingress"
          },
          "private": "eyJzY2hlbWFfdmVyc2lvbiI6IjIifQ==",
          "dependencies": [
            "aws_security_group.WebDMZ"
          ]
        }
      ]
    },
    {
      "mode": "managed",
      "type": "aws_security_group_rule",
      "name": "egress",
      "provider": "provider.aws",
      "instances": [
        {
          "schema_version": 2,
          "attributes": {
            "cidr_blocks": [
              "0.0.0.0/0"
            ],
            "description": null,
            "from_port": 0,
            "id": "sgrule-972941948",
            "ipv6_cidr_blocks": null,
            "prefix_list_ids": null,
            "protocol": "-1",
            "security_group_id": "sg-0ff014e237a7eed6f",
            "self": false,
            "source_security_group_id": null,
            "to_port": 0,
            "type": "egress"
          },
          "private": "eyJzY2hlbWFfdmVyc2lvbiI6IjIifQ==",
          "dependencies": [
            "aws_security_group.WebDMZ"
          ]
        }
      ]
    },
    {
      "mode": "managed",
      "type": "aws_security_group_rule",
      "name": "http",
      "provider": "provider.aws",
      "instances": [
        {
          "schema_version": 2,
          "attributes": {
            "cidr_blocks": [
              "0.0.0.0/0"
            ],
            "description": null,
            "from_port": 80,
            "id": "sgrule-2731665805",
            "ipv6_cidr_blocks": null,
            "prefix_list_ids": null,
            "protocol": "tcp",
            "security_group_id": "sg-0ff014e237a7eed6f",
            "self": false,
            "source_security_group_id": null,
            "to_port": 80,
            "type": "ingress"
          },
          "private": "eyJzY2hlbWFfdmVyc2lvbiI6IjIifQ==",
          "dependencies": [
            "aws_security_group.WebDMZ"
          ]
        }
      ]
    },
    {
      "mode": "managed",
      "type": "aws_security_group_rule",
      "name": "https",
      "provider": "provider.aws",
      "instances": [
        {
          "schema_version": 2,
          "attributes": {
            "cidr_blocks": [
              "0.0.0.0/0"
            ],
            "description": null,
            "from_port": 443,
            "id": "sgrule-4057496825",
            "ipv6_cidr_blocks": null,
            "prefix_list_ids": null,
            "protocol": "tcp",
            "security_group_id": "sg-0ff014e237a7eed6f",
            "self": false,
            "source_security_group_id": null,
            "to_port": 443,
            "type": "ingress"
          },
          "private": "eyJzY2hlbWFfdmVyc2lvbiI6IjIifQ==",
          "dependencies": [
            "aws_security_group.WebDMZ"
          ]
        }
      ]
    },
    {
      "mode": "managed",
      "type": "aws_security_group_rule",
      "name": "ssh",
      "provider": "provider.aws",
      "instances": [
        {
          "schema_version": 2,
          "attributes": {
            "cidr_blocks": [
              "0.0.0.0/0"
            ],
            "description": null,
            "from_port": 22,
            "id": "sgrule-341554232",
            "ipv6_cidr_blocks": null,
            "prefix_list_ids": null,
            "protocol": "tcp",
            "security_group_id": "sg-0ff014e237a7eed6f",
            "self": false,
            "source_security_group_id": null,
            "to_port": 22,
            "type": "ingress"
          },
          "private": "eyJzY2hlbWFfdmVyc2lvbiI6IjIifQ==",
          "dependencies": [
            "aws_security_group.WebDMZ"
          ]
        }
      ]
    }
  ]
}
